
Microsoft Visual Studio Solution File, Format Version 12.00
# Visual Studio Version 16
VisualStudioVersion = 16.0.31112.23
MinimumVisualStudioVersion = 10.0.40219.1
Project("{FAE04EC0-301F-11D3-BF4B-00C04F79EFBC}") = "ExtensionCalculator", "ExtensionCalculator\ExtensionCalculator.csproj", "{406DCA63-D919-4FDF-98B5-D3CFEBCA72C4}"
EndProject
Global
	GlobalSection(SolutionConfigurationPlatforms) = preSolution
		Debug|Any CPU = Debug|Any CPU
		Release|Any CPU = Release|Any CPU
	EndGlobalSection
	GlobalSection(ProjectConfigurationPlatforms) = postSolution
		{406DCA63-D919-4FDF-98B5-D3CFEBCA72C4}.Debug|Any CPU.ActiveCfg = Debug|Any CPU
		{406DCA63-D919-4FDF-98B5-D3CFEBCA72C4}.Debug|Any CPU.Build.0 = Debug|Any CPU
		{406DCA63-D919-4FDF-98B5-D3CFEBCA72C4}.Release|Any CPU.ActiveCfg = Release|Any CPU
		{406DCA63-D919-4FDF-98B5-D3CFEBCA72C4}.Release|Any CPU.Build.0 = Release|Any CPU
	EndGlobalSection
	GlobalSection(SolutionProperties) = preSolution
		HideSolutionNode = FALSE
	EndGlobalSection
	GlobalSection(ExtensibilityGlobals) = postSolution
		SolutionGuid = {C254A9BB-0A94-4CD2-BD96-CC22EFF441FB}
	EndGlobalSection
EndGlobal
